Microsoft Visual Studio Solution File, Format Version 12.00
# Visual Studio 14
Project("{8BC9CEB8-8B4A-11D0-8D11-00A0C91BC942}") = "ALL_BUILD", "ALL_BUILD.vcxproj", "{BE0AC08B-93E2-300F-964A-C8747F6F8626}"
	ProjectSection(ProjectDependencies) = postProject
		{63614D36-C901-3F45-B715-E62765F70DCC} = {63614D36-C901-3F45-B715-E62765F70DCC}
		{1E8A6D2E-6097-3191-AC68-6CA51EC83CD0} = {1E8A6D2E-6097-3191-AC68-6CA51EC83CD0}
		{B937F172-C905-346A-BFCD-2CA2008E6ECF} = {B937F172-C905-346A-BFCD-2CA2008E6ECF}
		{D259076D-6E30-34CC-814F-BFEB2339C79C} = {D259076D-6E30-34CC-814F-BFEB2339C79C}
		{59A01591-00DE-3AE4-A7F3-DF2B04B9E0D1} = {59A01591-00DE-3AE4-A7F3-DF2B04B9E0D1}
		{B1D61E5D-97DC-3F58-AB5B-2EFDD2A043F3} = {B1D61E5D-97DC-3F58-AB5B-2EFDD2A043F3}
		{67F84E6E-ED01-3749-B633-30E56B0A5BC2} = {67F84E6E-ED01-3749-B633-30E56B0A5BC2}
		{3A7E0888-BD00-3920-A492-EB2DCCA78B03} = {3A7E0888-BD00-3920-A492-EB2DCCA78B03}
		{0A397D18-D2EF-3CF7-860B-19F0B185688D} = {0A397D18-D2EF-3CF7-860B-19F0B185688D}
		{D5C4F770-0BCB-32F3-9889-3BC78A9B763E} = {D5C4F770-0BCB-32F3-9889-3BC78A9B763E}
	EndProjectSection
EndProject
Project("{8BC9CEB8-8B4A-11D0-8D11-00A0C91BC942}") = "GLEW_190", "ExternalProjects\GLEW_190.vcxproj", "{63614D36-C901-3F45-B715-E62765F70DCC}"
	ProjectSection(ProjectDependencies) = postProject
		{D5C4F770-0BCB-32F3-9889-3BC78A9B763E} = {D5C4F770-0BCB-32F3-9889-3BC78A9B763E}
	EndProjectSection
EndProject
Project("{8BC9CEB8-8B4A-11D0-8D11-00A0C91BC942}") = "GLFW_303", "ExternalProjects\glfw-3.0.3\src\GLFW_303.vcxproj", "{1E8A6D2E-6097-3191-AC68-6CA51EC83CD0}"
	ProjectSection(ProjectDependencies) = postProject
		{D5C4F770-0BCB-32F3-9889-3BC78A9B763E} = {D5C4F770-0BCB-32F3-9889-3BC78A9B763E}
	EndProjectSection
EndProject
Project("{8BC9CEB8-8B4A-11D0-8D11-00A0C91BC942}") = "Homework2", "Homework2.vcxproj", "{B937F172-C905-346A-BFCD-2CA2008E6ECF}"
	ProjectSection(ProjectDependencies) = postProject
		{63614D36-C901-3F45-B715-E62765F70DCC} = {63614D36-C901-3F45-B715-E62765F70DCC}
		{1E8A6D2E-6097-3191-AC68-6CA51EC83CD0} = {1E8A6D2E-6097-3191-AC68-6CA51EC83CD0}
		{D5C4F770-0BCB-32F3-9889-3BC78A9B763E} = {D5C4F770-0BCB-32F3-9889-3BC78A9B763E}
	EndProjectSection
EndProject
Project("{8BC9CEB8-8B4A-11D0-8D11-00A0C91BC942}") = "Homework3", "Homework3.vcxproj", "{D259076D-6E30-34CC-814F-BFEB2339C79C}"
	ProjectSection(ProjectDependencies) = postProject
		{63614D36-C901-3F45-B715-E62765F70DCC} = {63614D36-C901-3F45-B715-E62765F70DCC}
		{1E8A6D2E-6097-3191-AC68-6CA51EC83CD0} = {1E8A6D2E-6097-3191-AC68-6CA51EC83CD0}
		{D5C4F770-0BCB-32F3-9889-3BC78A9B763E} = {D5C4F770-0BCB-32F3-9889-3BC78A9B763E}
	EndProjectSection
EndProject
Project("{8BC9CEB8-8B4A-11D0-8D11-00A0C91BC942}") = "Homework5_skeleton", "Homework5_skeleton.vcxproj", "{59A01591-00DE-3AE4-A7F3-DF2B04B9E0D1}"
	ProjectSection(ProjectDependencies) = postProject
		{63614D36-C901-3F45-B715-E62765F70DCC} = {63614D36-C901-3F45-B715-E62765F70DCC}
		{1E8A6D2E-6097-3191-AC68-6CA51EC83CD0} = {1E8A6D2E-6097-3191-AC68-6CA51EC83CD0}
		{D5C4F770-0BCB-32F3-9889-3BC78A9B763E} = {D5C4F770-0BCB-32F3-9889-3BC78A9B763E}
	EndProjectSection
EndProject
Project("{8BC9CEB8-8B4A-11D0-8D11-00A0C91BC942}") = "Lab1", "Lab1.vcxproj", "{B1D61E5D-97DC-3F58-AB5B-2EFDD2A043F3}"
	ProjectSection(ProjectDependencies) = postProject
		{63614D36-C901-3F45-B715-E62765F70DCC} = {63614D36-C901-3F45-B715-E62765F70DCC}
		{1E8A6D2E-6097-3191-AC68-6CA51EC83CD0} = {1E8A6D2E-6097-3191-AC68-6CA51EC83CD0}
		{D5C4F770-0BCB-32F3-9889-3BC78A9B763E} = {D5C4F770-0BCB-32F3-9889-3BC78A9B763E}
	EndProjectSection
EndProject
Project("{8BC9CEB8-8B4A-11D0-8D11-00A0C91BC942}") = "Lab2", "Lab2.vcxproj", "{67F84E6E-ED01-3749-B633-30E56B0A5BC2}"
	ProjectSection(ProjectDependencies) = postProject
		{63614D36-C901-3F45-B715-E62765F70DCC} = {63614D36-C901-3F45-B715-E62765F70DCC}
		{1E8A6D2E-6097-3191-AC68-6CA51EC83CD0} = {1E8A6D2E-6097-3191-AC68-6CA51EC83CD0}
		{D5C4F770-0BCB-32F3-9889-3BC78A9B763E} = {D5C4F770-0BCB-32F3-9889-3BC78A9B763E}
	EndProjectSection
EndProject
Project("{8BC9CEB8-8B4A-11D0-8D11-00A0C91BC942}") = "Lab3", "Lab3.vcxproj", "{3A7E0888-BD00-3920-A492-EB2DCCA78B03}"
	ProjectSection(ProjectDependencies) = postProject
		{63614D36-C901-3F45-B715-E62765F70DCC} = {63614D36-C901-3F45-B715-E62765F70DCC}
		{1E8A6D2E-6097-3191-AC68-6CA51EC83CD0} = {1E8A6D2E-6097-3191-AC68-6CA51EC83CD0}
		{D5C4F770-0BCB-32F3-9889-3BC78A9B763E} = {D5C4F770-0BCB-32F3-9889-3BC78A9B763E}
	EndProjectSection
EndProject
Project("{8BC9CEB8-8B4A-11D0-8D11-00A0C91BC942}") = "SkeletonProject", "SkeletonProject.vcxproj", "{0A397D18-D2EF-3CF7-860B-19F0B185688D}"
	ProjectSection(ProjectDependencies) = postProject
		{63614D36-C901-3F45-B715-E62765F70DCC} = {63614D36-C901-3F45-B715-E62765F70DCC}
		{1E8A6D2E-6097-3191-AC68-6CA51EC83CD0} = {1E8A6D2E-6097-3191-AC68-6CA51EC83CD0}
		{D5C4F770-0BCB-32F3-9889-3BC78A9B763E} = {D5C4F770-0BCB-32F3-9889-3BC78A9B763E}
	EndProjectSection
EndProject
Project("{8BC9CEB8-8B4A-11D0-8D11-00A0C91BC942}") = "ZERO_CHECK", "ZERO_CHECK.vcxproj", "{D5C4F770-0BCB-32F3-9889-3BC78A9B763E}"
	ProjectSection(ProjectDependencies) = postProject
	EndProjectSection
EndProject
Global
	GlobalSection(SolutionConfigurationPlatforms) = preSolution
		Debug|x64 = Debug|x64
		Release|x64 = Release|x64
		MinSizeRel|x64 = MinSizeRel|x64
		RelWithDebInfo|x64 = RelWithDebInfo|x64
	EndGlobalSection
	GlobalSection(ProjectConfigurationPlatforms) = postSolution
		{BE0AC08B-93E2-300F-964A-C8747F6F8626}.Debug|x64.ActiveCfg = Debug|x64
		{BE0AC08B-93E2-300F-964A-C8747F6F8626}.Release|x64.ActiveCfg = Release|x64
		{BE0AC08B-93E2-300F-964A-C8747F6F8626}.MinSizeRel|x64.ActiveCfg = MinSizeRel|x64
		{BE0AC08B-93E2-300F-964A-C8747F6F8626}.RelWithDebInfo|x64.ActiveCfg = RelWithDebInfo|x64
		{63614D36-C901-3F45-B715-E62765F70DCC}.Debug|x64.ActiveCfg = Debug|x64
		{63614D36-C901-3F45-B715-E62765F70DCC}.Debug|x64.Build.0 = Debug|x64
		{63614D36-C901-3F45-B715-E62765F70DCC}.Release|x64.ActiveCfg = Release|x64
		{63614D36-C901-3F45-B715-E62765F70DCC}.Release|x64.Build.0 = Release|x64
		{63614D36-C901-3F45-B715-E62765F70DCC}.MinSizeRel|x64.ActiveCfg = MinSizeRel|x64
		{63614D36-C901-3F45-B715-E62765F70DCC}.MinSizeRel|x64.Build.0 = MinSizeRel|x64
		{63614D36-C901-3F45-B715-E62765F70DCC}.RelWithDebInfo|x64.ActiveCfg = RelWithDebInfo|x64
		{63614D36-C901-3F45-B715-E62765F70DCC}.RelWithDebInfo|x64.Build.0 = RelWithDebInfo|x64
		{1E8A6D2E-6097-3191-AC68-6CA51EC83CD0}.Debug|x64.ActiveCfg = Debug|x64
		{1E8A6D2E-6097-3191-AC68-6CA51EC83CD0}.Debug|x64.Build.0 = Debug|x64
		{1E8A6D2E-6097-3191-AC68-6CA51EC83CD0}.Release|x64.ActiveCfg = Release|x64
		{1E8A6D2E-6097-3191-AC68-6CA51EC83CD0}.Release|x64.Build.0 = Release|x64
		{1E8A6D2E-6097-3191-AC68-6CA51EC83CD0}.MinSizeRel|x64.ActiveCfg = MinSizeRel|x64
		{1E8A6D2E-6097-3191-AC68-6CA51EC83CD0}.MinSizeRel|x64.Build.0 = MinSizeRel|x64
		{1E8A6D2E-6097-3191-AC68-6CA51EC83CD0}.RelWithDebInfo|x64.ActiveCfg = RelWithDebInfo|x64
		{1E8A6D2E-6097-3191-AC68-6CA51EC83CD0}.RelWithDebInfo|x64.Build.0 = RelWithDebInfo|x64
		{B937F172-C905-346A-BFCD-2CA2008E6ECF}.Debug|x64.ActiveCfg = Debug|x64
		{B937F172-C905-346A-BFCD-2CA2008E6ECF}.Debug|x64.Build.0 = Debug|x64
		{B937F172-C905-346A-BFCD-2CA2008E6ECF}.Release|x64.ActiveCfg = Release|x64
		{B937F172-C905-346A-BFCD-2CA2008E6ECF}.Release|x64.Build.0 = Release|x64
		{B937F172-C905-346A-BFCD-2CA2008E6ECF}.MinSizeRel|x64.ActiveCfg = MinSizeRel|x64
		{B937F172-C905-346A-BFCD-2CA2008E6ECF}.MinSizeRel|x64.Build.0 = MinSizeRel|x64
		{B937F172-C905-346A-BFCD-2CA2008E6ECF}.RelWithDebInfo|x64.ActiveCfg = RelWithDebInfo|x64
		{B937F172-C905-346A-BFCD-2CA2008E6ECF}.RelWithDebInfo|x64.Build.0 = RelWithDebInfo|x64
		{D259076D-6E30-34CC-814F-BFEB2339C79C}.Debug|x64.ActiveCfg = Debug|x64
		{D259076D-6E30-34CC-814F-BFEB2339C79C}.Debug|x64.Build.0 = Debug|x64
		{D259076D-6E30-34CC-814F-BFEB2339C79C}.Release|x64.ActiveCfg = Release|x64
		{D259076D-6E30-34CC-814F-BFEB2339C79C}.Release|x64.Build.0 = Release|x64
		{D259076D-6E30-34CC-814F-BFEB2339C79C}.MinSizeRel|x64.ActiveCfg = MinSizeRel|x64
		{D259076D-6E30-34CC-814F-BFEB2339C79C}.MinSizeRel|x64.Build.0 = MinSizeRel|x64
		{D259076D-6E30-34CC-814F-BFEB2339C79C}.RelWithDebInfo|x64.ActiveCfg = RelWithDebInfo|x64
		{D259076D-6E30-34CC-814F-BFEB2339C79C}.RelWithDebInfo|x64.Build.0 = RelWithDebInfo|x64
		{59A01591-00DE-3AE4-A7F3-DF2B04B9E0D1}.Debug|x64.ActiveCfg = Debug|x64
		{59A01591-00DE-3AE4-A7F3-DF2B04B9E0D1}.Debug|x64.Build.0 = Debug|x64
		{59A01591-00DE-3AE4-A7F3-DF2B04B9E0D1}.Release|x64.ActiveCfg = Release|x64
		{59A01591-00DE-3AE4-A7F3-DF2B04B9E0D1}.Release|x64.Build.0 = Release|x64
		{59A01591-00DE-3AE4-A7F3-DF2B04B9E0D1}.MinSizeRel|x64.ActiveCfg = MinSizeRel|x64
		{59A01591-00DE-3AE4-A7F3-DF2B04B9E0D1}.MinSizeRel|x64.Build.0 = MinSizeRel|x64
		{59A01591-00DE-3AE4-A7F3-DF2B04B9E0D1}.RelWithDebInfo|x64.ActiveCfg = RelWithDebInfo|x64
		{59A01591-00DE-3AE4-A7F3-DF2B04B9E0D1}.RelWithDebInfo|x64.Build.0 = RelWithDebInfo|x64
		{B1D61E5D-97DC-3F58-AB5B-2EFDD2A043F3}.Debug|x64.ActiveCfg = Debug|x64
		{B1D61E5D-97DC-3F58-AB5B-2EFDD2A043F3}.Debug|x64.Build.0 = Debug|x64
		{B1D61E5D-97DC-3F58-AB5B-2EFDD2A043F3}.Release|x64.ActiveCfg = Release|x64
		{B1D61E5D-97DC-3F58-AB5B-2EFDD2A043F3}.Release|x64.Build.0 = Release|x64
		{B1D61E5D-97DC-3F58-AB5B-2EFDD2A043F3}.MinSizeRel|x64.ActiveCfg = MinSizeRel|x64
		{B1D61E5D-97DC-3F58-AB5B-2EFDD2A043F3}.MinSizeRel|x64.Build.0 = MinSizeRel|x64
		{B1D61E5D-97DC-3F58-AB5B-2EFDD2A043F3}.RelWithDebInfo|x64.ActiveCfg = RelWithDebInfo|x64
		{B1D61E5D-97DC-3F58-AB5B-2EFDD2A043F3}.RelWithDebInfo|x64.Build.0 = RelWithDebInfo|x64
		{67F84E6E-ED01-3749-B633-30E56B0A5BC2}.Debug|x64.ActiveCfg = Debug|x64
		{67F84E6E-ED01-3749-B633-30E56B0A5BC2}.Debug|x64.Build.0 = Debug|x64
		{67F84E6E-ED01-3749-B633-30E56B0A5BC2}.Release|x64.ActiveCfg = Release|x64
		{67F84E6E-ED01-3749-B633-30E56B0A5BC2}.Release|x64.Build.0 = Release|x64
		{67F84E6E-ED01-3749-B633-30E56B0A5BC2}.MinSizeRel|x64.ActiveCfg = MinSizeRel|x64
		{67F84E6E-ED01-3749-B633-30E56B0A5BC2}.MinSizeRel|x64.Build.0 = MinSizeRel|x64
		{67F84E6E-ED01-3749-B633-30E56B0A5BC2}.RelWithDebInfo|x64.ActiveCfg = RelWithDebInfo|x64
		{67F84E6E-ED01-3749-B633-30E56B0A5BC2}.RelWithDebInfo|x64.Build.0 = RelWithDebInfo|x64
		{3A7E0888-BD00-3920-A492-EB2DCCA78B03}.Debug|x64.ActiveCfg = Debug|x64
		{3A7E0888-BD00-3920-A492-EB2DCCA78B03}.Debug|x64.Build.0 = Debug|x64
		{3A7E0888-BD00-3920-A492-EB2DCCA78B03}.Release|x64.ActiveCfg = Release|x64
		{3A7E0888-BD00-3920-A492-EB2DCCA78B03}.Release|x64.Build.0 = Release|x64
		{3A7E0888-BD00-3920-A492-EB2DCCA78B03}.MinSizeRel|x64.ActiveCfg = MinSizeRel|x64
		{3A7E0888-BD00-3920-A492-EB2DCCA78B03}.MinSizeRel|x64.Build.0 = MinSizeRel|x64
		{3A7E0888-BD00-3920-A492-EB2DCCA78B03}.RelWithDebInfo|x64.ActiveCfg = RelWithDebInfo|x64
		{3A7E0888-BD00-3920-A492-EB2DCCA78B03}.RelWithDebInfo|x64.Build.0 = RelWithDebInfo|x64
		{0A397D18-D2EF-3CF7-860B-19F0B185688D}.Debug|x64.ActiveCfg = Debug|x64
		{0A397D18-D2EF-3CF7-860B-19F0B185688D}.Debug|x64.Build.0 = Debug|x64
		{0A397D18-D2EF-3CF7-860B-19F0B185688D}.Release|x64.ActiveCfg = Release|x64
		{0A397D18-D2EF-3CF7-860B-19F0B185688D}.Release|x64.Build.0 = Release|x64
		{0A397D18-D2EF-3CF7-860B-19F0B185688D}.MinSizeRel|x64.ActiveCfg = MinSizeRel|x64
		{0A397D18-D2EF-3CF7-860B-19F0B185688D}.MinSizeRel|x64.Build.0 = MinSizeRel|x64
		{0A397D18-D2EF-3CF7-860B-19F0B185688D}.RelWithDebInfo|x64.ActiveCfg = RelWithDebInfo|x64
		{0A397D18-D2EF-3CF7-860B-19F0B185688D}.RelWithDebInfo|x64.Build.0 = RelWithDebInfo|x64
		{D5C4F770-0BCB-32F3-9889-3BC78A9B763E}.Debug|x64.ActiveCfg = Debug|x64
		{D5C4F770-0BCB-32F3-9889-3BC78A9B763E}.Debug|x64.Build.0 = Debug|x64
		{D5C4F770-0BCB-32F3-9889-3BC78A9B763E}.Release|x64.ActiveCfg = Release|x64
		{D5C4F770-0BCB-32F3-9889-3BC78A9B763E}.Release|x64.Build.0 = Release|x64
		{D5C4F770-0BCB-32F3-9889-3BC78A9B763E}.MinSizeRel|x64.ActiveCfg = MinSizeRel|x64
		{D5C4F770-0BCB-32F3-9889-3BC78A9B763E}.MinSizeRel|x64.Build.0 = MinSizeRel|x64
		{D5C4F770-0BCB-32F3-9889-3BC78A9B763E}.RelWithDebInfo|x64.ActiveCfg = RelWithDebInfo|x64
		{D5C4F770-0BCB-32F3-9889-3BC78A9B763E}.RelWithDebInfo|x64.Build.0 = RelWithDebInfo|x64
	EndGlobalSection
	GlobalSection(ExtensibilityGlobals) = postSolution
	EndGlobalSection
	GlobalSection(ExtensibilityAddIns) = postSolution
	EndGlobalSection
EndGlobal
